// !$*UTF8*$!
{
	archiveVersion = 1;
	classes = {
	};
	objectVersion = 46;
	objects = {

/* Begin PBXBuildFile section */
		730C195019B53AD600658C3E /* MBYRFireBaseManger.m in Sources */ = {isa = PBXBuildFile; fileRef = 730C194F19B53AD600658C3E /* MBYRFireBaseManger.m */; };
		730C195319B5597200658C3E /* MBYRTimerTableDelegate.m in Sources */ = {isa = PBXBuildFile; fileRef = 730C195219B5597200658C3E /* MBYRTimerTableDelegate.m */; };
		730C195619B5683700658C3E /* MBYRTimerCreaterViewController.m in Sources */ = {isa = PBXBuildFile; fileRef = 730C195519B5683700658C3E /* MBYRTimerCreaterViewController.m */; };
		730C195C19BA144700658C3E /* MBYRTimerClass.m in Sources */ = {isa = PBXBuildFile; fileRef = 730C195B19BA144700658C3E /* MBYRTimerClass.m */; };
		730C195F19BB5ECD00658C3E /* MBYRTimerManager.m in Sources */ = {isa = PBXBuildFile; fileRef = 730C195E19BB5ECD00658C3E /* MBYRTimerManager.m */; };
		7345136F19B533A6008985B7 /* Foundation.framework in Frameworks */ = {isa = PBXBuildFile; fileRef = 7345136E19B533A6008985B7 /* Foundation.framework */; };
		7345137119B533A6008985B7 /* CoreGraphics.framework in Frameworks */ = {isa = PBXBuildFile; fileRef = 7345137019B533A6008985B7 /* CoreGraphics.framework */; };
		7345137319B533A6008985B7 /* UIKit.framework in Frameworks */ = {isa = PBXBuildFile; fileRef = 7345137219B533A6008985B7 /* UIKit.framework */; };
		7345137919B533A6008985B7 /* InfoPlist.strings in Resources */ = {isa = PBXBuildFile; fileRef = 7345137719B533A6008985B7 /* InfoPlist.strings */; };
		7345137B19B533A6008985B7 /* main.m in Sources */ = {isa = PBXBuildFile; fileRef = 7345137A19B533A6008985B7 /* main.m */; };
		7345137F19B533A6008985B7 /* MBYRAppDelegate.m in Sources */ = {isa = PBXBuildFile; fileRef = 7345137E19B533A6008985B7 /* MBYRAppDelegate.m */; };
		7345138219B533A6008985B7 /* Main_iPhone.storyboard in Resources */ = {isa = PBXBuildFile; fileRef = 7345138019B533A6008985B7 /* Main_iPhone.storyboard */; };
		7345138519B533A6008985B7 /* Main_iPad.storyboard in Resources */ = {isa = PBXBuildFile; fileRef = 7345138319B533A6008985B7 /* Main_iPad.storyboard */; };
		7345138819B533A6008985B7 /* MBYRViewController.m in Sources */ = {isa = PBXBuildFile; fileRef = 7345138719B533A6008985B7 /* MBYRViewController.m */; };
		7345138A19B533A6008985B7 /* Images.xcassets in Resources */ = {isa = PBXBuildFile; fileRef = 7345138919B533A6008985B7 /* Images.xcassets */; };
		7345139119B533A6008985B7 /* XCTest.framework in Frameworks */ = {isa = PBXBuildFile; fileRef = 7345139019B533A6008985B7 /* XCTest.framework */; };
		7345139219B533A6008985B7 /* Foundation.framework in Frameworks */ = {isa = PBXBuildFile; fileRef = 7345136E19B533A6008985B7 /* Foundation.framework */; };
		7345139319B533A6008985B7 /* UIKit.framework in Frameworks */ = {isa = PBXBuildFile; fileRef = 7345137219B533A6008985B7 /* UIKit.framework */; };
		7345139B19B533A6008985B7 /* InfoPlist.strings in Resources */ = {isa = PBXBuildFile; fileRef = 7345139919B533A6008985B7 /* InfoPlist.strings */; };
		7345139D19B533A6008985B7 /* KitchenHelperTests.m in Sources */ = {isa = PBXBuildFile; fileRef = 7345139C19B533A6008985B7 /* KitchenHelperTests.m */; };
		948E5E6E700E47298D9C36B5 /* libPods-KitchenHelper.a in Frameworks */ = {isa = PBXBuildFile; fileRef = 2EAAF44E63A8468FB7C3EAAF /* libPods-KitchenHelper.a */; };
/* End PBXBuildFile section */

/* Begin PBXContainerItemProxy section */
		7345139419B533A6008985B7 /* PBXContainerItemProxy */ = {
			isa = PBXContainerItemProxy;
			containerPortal = 7345136319B533A6008985B7 /* Project object */;
			proxyType = 1;
			remoteGlobalIDString = 7345136A19B533A6008985B7;
			remoteInfo = KitchenHelper;
		};
/* End PBXContainerItemProxy section */

/* Begin PBXFileReference section */
		2EAAF44E63A8468FB7C3EAAF /* libPods-KitchenHelper.a */ = {isa = PBXFileReference; explicitFileType = archive.ar; includeInIndex = 0; path = "libPods-KitchenHelper.a"; sourceTree = BUILT_PRODUCTS_DIR; };
		730C194E19B53AD600658C3E /* MBYRFireBaseManger.h */ = {isa = PBXFileReference; fileEncoding = 4; lastKnownFileType = sourcecode.c.h; name = MBYRFireBaseManger.h; path = Firebase/Core/MBYRFireBaseManger.h; sourceTree = "<group>"; };
		730C194F19B53AD600658C3E /* MBYRFireBaseManger.m */ = {isa = PBXFileReference; fileEncoding = 4; lastKnownFileType = sourcecode.c.objc; name = MBYRFireBaseManger.m; path = Firebase/Core/MBYRFireBaseManger.m; sourceTree = "<group>"; };
		730C195119B5597200658C3E /* MBYRTimerTableDelegate.h */ = {isa = PBXFileReference; fileEncoding = 4; lastKnownFileType = sourcecode.c.h; name = MBYRTimerTableDelegate.h; path = TimerTable/core/MBYRTimerTableDelegate.h; sourceTree = "<group>"; };
		730C195219B5597200658C3E /* MBYRTimerTableDelegate.m */ = {isa = PBXFileReference; fileEncoding = 4; lastKnownFileType = sourcecode.c.objc; name = MBYRTimerTableDelegate.m; path = TimerTable/core/MBYRTimerTableDelegate.m; sourceTree = "<group>"; };
		730C195419B5683700658C3E /* MBYRTimerCreaterViewController.h */ = {isa = PBXFileReference; fileEncoding = 4; lastKnownFileType = sourcecode.c.h; name = MBYRTimerCreaterViewController.h; path = TimerCreator/ViewController/MBYRTimerCreaterViewController.h; sourceTree = "<group>"; };
		730C195519B5683700658C3E /* MBYRTimerCreaterViewController.m */ = {isa = PBXFileReference; fileEncoding = 4; lastKnownFileType = sourcecode.c.objc; name = MBYRTimerCreaterViewController.m; path = TimerCreator/ViewController/MBYRTimerCreaterViewController.m; sourceTree = "<group>"; };
		730C195A19BA144700658C3E /* MBYRTimerClass.h */ = {isa = PBXFileReference; fileEncoding = 4; lastKnownFileType = sourcecode.c.h; name = MBYRTimerClass.h; path = Model/MBYRTimerClass.h; sourceTree = "<group>"; };
		730C195B19BA144700658C3E /* MBYRTimerClass.m */ = {isa = PBXFileReference; fileEncoding = 4; lastKnownFileType = sourcecode.c.objc; name = MBYRTimerClass.m; path = Model/MBYRTimerClass.m; sourceTree = "<group>"; };
		730C195D19BB5ECD00658C3E /* MBYRTimerManager.h */ = {isa = PBXFileReference; fileEncoding = 4; lastKnownFileType = sourcecode.c.h; name = MBYRTimerManager.h; path = Core/MBYRTimerManager.h; sourceTree = "<group>"; };
		730C195E19BB5ECD00658C3E /* MBYRTimerManager.m */ = {isa = PBXFileReference; fileEncoding = 4; lastKnownFileType = sourcecode.c.objc; name = MBYRTimerManager.m; path = Core/MBYRTimerManager.m; sourceTree = "<group>"; };
		7345136B19B533A6008985B7 /* KitchenHelper.app */ = {isa = PBXFileReference; explicitFileType = wrapper.application; includeInIndex = 0; path = KitchenHelper.app; sourceTree = BUILT_PRODUCTS_DIR; };
		7345136E19B533A6008985B7 /* Foundation.framework */ = {isa = PBXFileReference; lastKnownFileType = wrapper.framework; name = Foundation.framework; path = System/Library/Frameworks/Foundation.framework; sourceTree = SDKROOT; };
		7345137019B533A6008985B7 /* CoreGraphics.framework */ = {isa = PBXFileReference; lastKnownFileType = wrapper.framework; name = CoreGraphics.framework; path = System/Library/Frameworks/CoreGraphics.framework; sourceTree = SDKROOT; };
		7345137219B533A6008985B7 /* UIKit.framework */ = {isa = PBXFileReference; lastKnownFileType = wrapper.framework; name = UIKit.framework; path = System/Library/Frameworks/UIKit.framework; sourceTree = SDKROOT; };
		7345137619B533A6008985B7 /* KitchenHelper-Info.plist */ = {isa = PBXFileReference; lastKnownFileType = text.plist.xml; path = "KitchenHelper-Info.plist"; sourceTree = "<group>"; };
		7345137819B533A6008985B7 /* en */ = {isa = PBXFileReference; lastKnownFileType = text.plist.strings; name = en; path = en.lproj/InfoPlist.strings; sourceTree = "<group>"; };
		7345137A19B533A6008985B7 /* main.m */ = {isa = PBXFileReference; lastKnownFileType = sourcecode.c.objc; path = main.m; sourceTree = "<group>"; };
		7345137C19B533A6008985B7 /* KitchenHelper-Prefix.pch */ = {isa = PBXFileReference; lastKnownFileType = sourcecode.c.h; path = "KitchenHelper-Prefix.pch"; sourceTree = "<group>"; };
		7345137D19B533A6008985B7 /* MBYRAppDelegate.h */ = {isa = PBXFileReference; lastKnownFileType = sourcecode.c.h; path = MBYRAppDelegate.h; sourceTree = "<group>"; };
		7345137E19B533A6008985B7 /* MBYRAppDelegate.m */ = {isa = PBXFileReference; lastKnownFileType = sourcecode.c.objc; path = MBYRAppDelegate.m; sourceTree = "<group>"; };
		7345138119B533A6008985B7 /* Base */ = {isa = PBXFileReference; lastKnownFileType = file.storyboard; name = Base; path = Base.lproj/Main_iPhone.storyboard; sourceTree = "<group>"; };
		7345138419B533A6008985B7 /* Base */ = {isa = PBXFileReference; lastKnownFileType = file.storyboard; name = Base; path = Base.lproj/Main_iPad.storyboard; sourceTree = "<group>"; };
		7345138619B533A6008985B7 /* MBYRViewController.h */ = {isa = PBXFileReference; lastKnownFileType = sourcecode.c.h; path = MBYRViewController.h; sourceTree = "<group>"; };
		7345138719B533A6008985B7 /* MBYRViewController.m */ = {isa = PBXFileReference; lastKnownFileType = sourcecode.c.objc; path = MBYRViewController.m; sourceTree = "<group>"; };
		7345138919B533A6008985B7 /* Images.xcassets */ = {isa = PBXFileReference; lastKnownFileType = folder.assetcatalog; path = Images.xcassets; sourceTree = "<group>"; };
		7345138F19B533A6008985B7 /* KitchenHelperTests.xctest */ = {isa = PBXFileReference; explicitFileType = wrapper.cfbundle; includeInIndex = 0; path = KitchenHelperTests.xctest; sourceTree = BUILT_PRODUCTS_DIR; };
		7345139019B533A6008985B7 /* XCTest.framework */ = {isa = PBXFileReference; lastKnownFileType = wrapper.framework; name = XCTest.framework; path = Library/Frameworks/XCTest.framework; sourceTree = DEVELOPER_DIR; };
		7345139819B533A6008985B7 /* KitchenHelperTests-Info.plist */ = {isa = PBXFileReference; lastKnownFileType = text.plist.xml; path = "KitchenHelperTests-Info.plist"; sourceTree = "<group>"; };
		7345139A19B533A6008985B7 /* en */ = {isa = PBXFileReference; lastKnownFileType = text.plist.strings; name = en; path = en.lproj/InfoPlist.strings; sourceTree = "<group>"; };
		7345139C19B533A6008985B7 /* KitchenHelperTests.m */ = {isa = PBXFileReference; lastKnownFileType = sourcecode.c.objc; path = KitchenHelperTests.m; sourceTree = "<group>"; };
		9AB53BC735B94E6AAA06198D /* Pods-KitchenHelper.xcconfig */ = {isa = PBXFileReference; includeInIndex = 1; lastKnownFileType = text.xcconfig; name = "Pods-KitchenHelper.xcconfig"; path = "Pods/Pods-KitchenHelper.xcconfig"; sourceTree = "<group>"; };
/* End PBXFileReference section */

/* Begin PBXFrameworksBuildPhase section */
		7345136819B533A6008985B7 /* Frameworks */ = {
			isa = PBXFrameworksBuildPhase;
			buildActionMask = 2147483647;
			files = (
				7345137119B533A6008985B7 /* CoreGraphics.framework in Frameworks */,
				7345137319B533A6008985B7 /* UIKit.framework in Frameworks */,
				7345136F19B533A6008985B7 /* Foundation.framework in Frameworks */,
				948E5E6E700E47298D9C36B5 /* libPods-KitchenHelper.a in Frameworks */,
			);
			runOnlyForDeploymentPostprocessing = 0;
		};
		7345138C19B533A6008985B7 /* Frameworks */ = {
			isa = PBXFrameworksBuildPhase;
			buildActionMask = 2147483647;
			files = (
				7345139119B533A6008985B7 /* XCTest.framework in Frameworks */,
				7345139319B533A6008985B7 /* UIKit.framework in Frameworks */,
				7345139219B533A6008985B7 /* Foundation.framework in Frameworks */,
			);
			runOnlyForDeploymentPostprocessing = 0;
		};
/* End PBXFrameworksBuildPhase section */

/* Begin PBXGroup section */
		7345136219B533A6008985B7 = {
			isa = PBXGroup;
			children = (
				7345137419B533A6008985B7 /* KitchenHelper */,
				7345139619B533A6008985B7 /* KitchenHelperTests */,
				7345136D19B533A6008985B7 /* Frameworks */,
				7345136C19B533A6008985B7 /* Products */,
				9AB53BC735B94E6AAA06198D /* Pods-KitchenHelper.xcconfig */,
			);
			sourceTree = "<group>";
		};
		7345136C19B533A6008985B7 /* Products */ = {
			isa = PBXGroup;
			children = (
				7345136B19B533A6008985B7 /* KitchenHelper.app */,
				7345138F19B533A6008985B7 /* KitchenHelperTests.xctest */,
			);
			name = Products;
			sourceTree = "<group>";
		};
		7345136D19B533A6008985B7 /* Frameworks */ = {
			isa = PBXGroup;
			children = (
				7345136E19B533A6008985B7 /* Foundation.framework */,
				7345137019B533A6008985B7 /* CoreGraphics.framework */,
				7345137219B533A6008985B7 /* UIKit.framework */,
				7345139019B533A6008985B7 /* XCTest.framework */,
				2EAAF44E63A8468FB7C3EAAF /* libPods-KitchenHelper.a */,
			);
			name = Frameworks;
			sourceTree = "<group>";
		};
		7345137419B533A6008985B7 /* KitchenHelper */ = {
			isa = PBXGroup;
			children = (
				7345137D19B533A6008985B7 /* MBYRAppDelegate.h */,
				7345137E19B533A6008985B7 /* MBYRAppDelegate.m */,
				7345138019B533A6008985B7 /* Main_iPhone.storyboard */,
				7345138319B533A6008985B7 /* Main_iPad.storyboard */,
				730C194E19B53AD600658C3E /* MBYRFireBaseManger.h */,
				730C194F19B53AD600658C3E /* MBYRFireBaseManger.m */,
				730C195D19BB5ECD00658C3E /* MBYRTimerManager.h */,
				730C195E19BB5ECD00658C3E /* MBYRTimerManager.m */,
				7345138619B533A6008985B7 /* MBYRViewController.h */,
				7345138719B533A6008985B7 /* MBYRViewController.m */,
				730C195419B5683700658C3E /* MBYRTimerCreaterViewController.h */,
				730C195519B5683700658C3E /* MBYRTimerCreaterViewController.m */,
				730C195119B5597200658C3E /* MBYRTimerTableDelegate.h */,
				730C195219B5597200658C3E /* MBYRTimerTableDelegate.m */,
				730C195A19BA144700658C3E /* MBYRTimerClass.h */,
				730C195B19BA144700658C3E /* MBYRTimerClass.m */,
				7345138919B533A6008985B7 /* Images.xcassets */,
				7345137519B533A6008985B7 /* Supporting Files */,
			);
			path = KitchenHelper;
			sourceTree = "<group>";
		};
		7345137519B533A6008985B7 /* Supporting Files */ = {
			isa = PBXGroup;
			children = (
				7345137619B533A6008985B7 /* KitchenHelper-Info.plist */,
				7345137719B533A6008985B7 /* InfoPlist.strings */,
				7345137A19B533A6008985B7 /* main.m */,
				7345137C19B533A6008985B7 /* KitchenHelper-Prefix.pch */,
			);
			name = "Supporting Files";
			sourceTree = "<group>";
		};
		7345139619B533A6008985B7 /* KitchenHelperTests */ = {
			isa = PBXGroup;
			children = (
				7345139C19B533A6008985B7 /* KitchenHelperTests.m */,
				7345139719B533A6008985B7 /* Supporting Files */,
			);
			path = KitchenHelperTests;
			sourceTree = "<group>";
		};
		7345139719B533A6008985B7 /* Supporting Files */ = {
			isa = PBXGroup;
			children = (
				7345139819B533A6008985B7 /* KitchenHelperTests-Info.plist */,
				7345139919B533A6008985B7 /* InfoPlist.strings */,
			);
			name = "Supporting Files";
			sourceTree = "<group>";
		};
/* End PBXGroup section */

/* Begin PBXNativeTarget section */
		7345136A19B533A6008985B7 /* KitchenHelper */ = {
			isa = PBXNativeTarget;
			buildConfigurationList = 734513A019B533A6008985B7 /* Build configuration list for PBXNativeTarget "KitchenHelper" */;
			buildPhases = (
				18DD527A35624EE1911B521C /* Check Pods Manifest.lock */,
				7345136719B533A6008985B7 /* Sources */,
				7345136819B533A6008985B7 /* Frameworks */,
				7345136919B533A6008985B7 /* Resources */,
				04782E479C57459DBDFC3A5A /* Copy Pods Resources */,
			);
			buildRules = (
			);
			dependencies = (
			);
			name = KitchenHelper;
			productName = KitchenHelper;
			productReference = 7345136B19B533A6008985B7 /* KitchenHelper.app */;
			productType = "com.apple.product-type.application";
		};
		7345138E19B533A6008985B7 /* KitchenHelperTests */ = {
			isa = PBXNativeTarget;
			buildConfigurationList = 734513A319B533A6008985B7 /* Build configuration list for PBXNativeTarget "KitchenHelperTests" */;
			buildPhases = (
				7345138B19B533A6008985B7 /* Sources */,
				7345138C19B533A6008985B7 /* Frameworks */,
				7345138D19B533A6008985B7 /* Resources */,
			);
			buildRules = (
			);
			dependencies = (
				7345139519B533A6008985B7 /* PBXTargetDependency */,
			);
			name = KitchenHelperTests;
			productName = KitchenHelperTests;
			productReference = 7345138F19B533A6008985B7 /* KitchenHelperTests.xctest */;
			productType = "com.apple.product-type.bundle.unit-test";
		};
/* End PBXNativeTarget section */

/* Begin PBXProject section */
		7345136319B533A6008985B7 /* Project object */ = {
			isa = PBXProject;
			attributes = {
				CLASSPREFIX = MBYR;
				LastUpgradeCheck = 0510;
				ORGANIZATIONNAME = "MBYR Inc";
				TargetAttributes = {
					7345138E19B533A6008985B7 = {
						TestTargetID = 7345136A19B533A6008985B7;
					};
				};
			};
			buildConfigurationList = 7345136619B533A6008985B7 /* Build configuration list for PBXProject "KitchenHelper" */;
			compatibilityVersion = "Xcode 3.2";
			developmentRegion = English;
			hasScannedForEncodings = 0;
			knownRegions = (
				en,
				Base,
			);
			mainGroup = 7345136219B533A6008985B7;
			productRefGroup = 7345136C19B533A6008985B7 /* Products */;
			projectDirPath = "";
			projectRoot = "";
			targets = (
				7345136A19B533A6008985B7 /* KitchenHelper */,
				7345138E19B533A6008985B7 /* KitchenHelperTests */,
			);
		};
/* End PBXProject section */

/* Begin PBXResourcesBuildPhase section */
		7345136919B533A6008985B7 /* Resources */ = {
			isa = PBXResourcesBuildPhase;
			buildActionMask = 2147483647;
			files = (
				7345138519B533A6008985B7 /* Main_iPad.storyboard in Resources */,
				7345138A19B533A6008985B7 /* Images.xcassets in Resources */,
				7345138219B533A6008985B7 /* Main_iPhone.storyboard in Resources */,
				7345137919B533A6008985B7 /* InfoPlist.strings in Resources */,
			);
			runOnlyForDeploymentPostprocessing = 0;
		};
		7345138D19B533A6008985B7 /* Resources */ = {
			isa = PBXResourcesBuildPhase;
			buildActionMask = 2147483647;
			files = (
				7345139B19B533A6008985B7 /* InfoPlist.strings in Resources */,
			);
			runOnlyForDeploymentPostprocessing = 0;
		};
/* End PBXResourcesBuildPhase section */

/* Begin PBXShellScriptBuildPhase section */
		04782E479C57459DBDFC3A5A /* Copy Pods Resources */ = {
			isa = PBXShellScriptBuildPhase;
			buildActionMask = 2147483647;
			files = (
			);
			inputPaths = (
			);
			name = "Copy Pods Resources";
			outputPaths = (
			);
			runOnlyForDeploymentPostprocessing = 0;
			shellPath = /bin/sh;
			shellScript = "\"${SRCROOT}/Pods/Pods-KitchenHelper-resources.sh\"\n";
			showEnvVarsInLog = 0;
		};
		18DD527A35624EE1911B521C /* Check Pods Manifest.lock */ = {
			isa = PBXShellScriptBuildPhase;
			buildActionMask = 2147483647;
			files = (
			);
			inputPaths = (
			);
			name = "Check Pods Manifest.lock";
			outputPaths = (
			);
			runOnlyForDeploymentPostprocessing = 0;
			shellPath = /bin/sh;
			shellScript = "diff \"${PODS_ROOT}/../Podfile.lock\" \"${PODS_ROOT}/Manifest.lock\" > /dev/null\nif [[ $? != 0 ]] ; then\n    cat << EOM\nerror: The sandbox is not in sync with the Podfile.lock. Run 'pod install' or update your CocoaPods installation.\nEOM\n    exit 1\nfi\n";
			showEnvVarsInLog = 0;
		};
/* End PBXShellScriptBuildPhase section */

/* Begin PBXSourcesBuildPhase section */
		7345136719B533A6008985B7 /* Sources */ = {
			isa = PBXSourcesBuildPhase;
			buildActionMask = 2147483647;
			files = (
				730C195019B53AD600658C3E /* MBYRFireBaseManger.m in Sources */,
				730C195C19BA144700658C3E /* MBYRTimerClass.m in Sources */,
				7345138819B533A6008985B7 /* MBYRViewController.m in Sources */,
				730C195F19BB5ECD00658C3E /* MBYRTimerManager.m in Sources */,
				730C195619B5683700658C3E /* MBYRTimerCreaterViewController.m in Sources */,
				7345137F19B533A6008985B7 /* MBYRAppDelegate.m in Sources */,
				7345137B19B533A6008985B7 /* main.m in Sources */,
				730C195319B5597200658C3E /* MBYRTimerTableDelegate.m in Sources */,
			);
			runOnlyForDeploymentPostprocessing = 0;
		};
		7345138B19B533A6008985B7 /* Sources */ = {
			isa = PBXSourcesBuildPhase;
			buildActionMask = 2147483647;
			files = (
				7345139D19B533A6008985B7 /* KitchenHelperTests.m in Sources */,
			);
			runOnlyForDeploymentPostprocessing = 0;
		};
/* End PBXSourcesBuildPhase section */

/* Begin PBXTargetDependency section */
		7345139519B533A6008985B7 /* PBXTargetDependency */ = {
			isa = PBXTargetDependency;
			target = 7345136A19B533A6008985B7 /* KitchenHelper */;
			targetProxy = 7345139419B533A6008985B7 /* PBXContainerItemProxy */;
		};
/* End PBXTargetDependency section */

/* Begin PBXVariantGroup section */
		7345137719B533A6008985B7 /* InfoPlist.strings */ = {
			isa = PBXVariantGroup;
			children = (
				7345137819B533A6008985B7 /* en */,
			);
			name = InfoPlist.strings;
			sourceTree = "<group>";
		};
		7345138019B533A6008985B7 /* Main_iPhone.storyboard */ = {
			isa = PBXVariantGroup;
			children = (
				7345138119B533A6008985B7 /* Base */,
			);
			name = Main_iPhone.storyboard;
			sourceTree = "<group>";
		};
		7345138319B533A6008985B7 /* Main_iPad.storyboard */ = {
			isa = PBXVariantGroup;
			children = (
				7345138419B533A6008985B7 /* Base */,
			);
			name = Main_iPad.storyboard;
			sourceTree = "<group>";
		};
		7345139919B533A6008985B7 /* InfoPlist.strings */ = {
			isa = PBXVariantGroup;
			children = (
				7345139A19B533A6008985B7 /* en */,
			);
			name = InfoPlist.strings;
			sourceTree = "<group>";
		};
/* End PBXVariantGroup section */

/* Begin XCBuildConfiguration section */
		7345139E19B533A6008985B7 /* Debug */ = {
			isa = XCBuildConfiguration;
			buildSettings = {
				ALWAYS_SEARCH_USER_PATHS = NO;
				CLANG_CXX_LANGUAGE_STANDARD = "gnu++0x";
				CLANG_CXX_LIBRARY = "libc++";
				CLANG_ENABLE_MODULES = YES;
				CLANG_ENABLE_OBJC_ARC = YES;
				CLANG_WARN_BOOL_CONVERSION = YES;
				CLANG_WARN_CONSTANT_CONVERSION = YES;
				CLANG_WARN_DIRECT_OBJC_ISA_USAGE = YES_ERROR;
				CLANG_WARN_EMPTY_BODY = YES;
				CLANG_WARN_ENUM_CONVERSION = YES;
				CLANG_WARN_INT_CONVERSION = YES;
				CLANG_WARN_OBJC_ROOT_CLASS = YES_ERROR;
				CLANG_WARN__DUPLICATE_METHOD_MATCH = YES;
				"CODE_SIGN_IDENTITY[sdk=iphoneos*]" = "iPhone Developer";
				COPY_PHASE_STRIP = NO;
				GCC_C_LANGUAGE_STANDARD = gnu99;
				GCC_DYNAMIC_NO_PIC = NO;
				GCC_OPTIMIZATION_LEVEL = 0;
				GCC_PREPROCESSOR_DEFINITIONS = (
					"DEBUG=1",
					"$(inherited)",
				);
				GCC_SYMBOLS_PRIVATE_EXTERN = NO;
				GCC_WARN_64_TO_32_BIT_CONVERSION = YES;
				GCC_WARN_ABOUT_RETURN_TYPE = YES_ERROR;
				GCC_WARN_UNDECLARED_SELECTOR = YES;
				GCC_WARN_UNINITIALIZED_AUTOS = YES_AGGRESSIVE;
				GCC_WARN_UNUSED_FUNCTION = YES;
				GCC_WARN_UNUSED_VARIABLE = YES;
				IPHONEOS_DEPLOYMENT_TARGET = 7.1;
				ONLY_ACTIVE_ARCH = YES;
				SDKROOT = iphoneos;
				TARGETED_DEVICE_FAMILY = "1,2";
			};
			name = Debug;
		};
		7345139F19B533A6008985B7 /* Release */ = {
			isa = XCBuildConfiguration;
			buildSettings = {
				ALWAYS_SEARCH_USER_PATHS = NO;
				CLANG_CXX_LANGUAGE_STANDARD = "gnu++0x";
				CLANG_CXX_LIBRARY = "libc++";
				CLANG_ENABLE_MODULES = YES;
				CLANG_ENABLE_OBJC_ARC = YES;
				CLANG_WARN_BOOL_CONVERSION = YES;
				CLANG_WARN_CONSTANT_CONVERSION = YES;
				CLANG_WARN_DIRECT_OBJC_ISA_USAGE = YES_ERROR;
				CLANG_WARN_EMPTY_BODY = YES;
				CLANG_WARN_ENUM_CONVERSION = YES;
				CLANG_WARN_INT_CONVERSION = YES;
				CLANG_WARN_OBJC_ROOT_CLASS = YES_ERROR;
				CLANG_WARN__DUPLICATE_METHOD_MATCH = YES;
				"CODE_SIGN_IDENTITY[sdk=iphoneos*]" = "iPhone Developer";
				COPY_PHASE_STRIP = YES;
				ENABLE_NS_ASSERTIONS = NO;
				GCC_C_LANGUAGE_STANDARD = gnu99;
				GCC_WARN_64_TO_32_BIT_CONVERSION = YES;
				GCC_WARN_ABOUT_RETURN_TYPE = YES_ERROR;
				GCC_WARN_UNDECLARED_SELECTOR = YES;
				GCC_WARN_UNINITIALIZED_AUTOS = YES_AGGRESSIVE;
				GCC_WARN_UNUSED_FUNCTION = YES;
				GCC_WARN_UNUSED_VARIABLE = YES;
				IPHONEOS_DEPLOYMENT_TARGET = 7.1;
				SDKROOT = iphoneos;
				TARGETED_DEVICE_FAMILY = "1,2";
				VALIDATE_PRODUCT = YES;
			};
			name = Release;
		};
		734513A119B533A6008985B7 /* Debug */ = {
			isa = XCBuildConfiguration;
			baseConfigurationReference = 9AB53BC735B94E6AAA06198D /* Pods-KitchenHelper.xcconfig */;
			buildSettings = {
				ASSETCATALOG_COMPILER_APPICON_NAME = AppIcon;
				ASSETCATALOG_COMPILER_LAUNCHIMAGE_NAME = LaunchImage;
				GCC_PRECOMPILE_PREFIX_HEADER = YES;
				GCC_PREFIX_HEADER = "KitchenHelper/KitchenHelper-Prefix.pch";
				INFOPLIST_FILE = "KitchenHelper/KitchenHelper-Info.plist";
				PRODUCT_NAME = "$(TARGET_NAME)";
				WRAPPER_EXTENSION = app;
			};
			name = Debug;
		};
		734513A219B533A6008985B7 /* Release */ = {
			isa = XCBuildConfiguration;
			baseConfigurationReference = 9AB53BC735B94E6AAA06198D /* Pods-KitchenHelper.xcconfig */;
			buildSettings = {
				ASSETCATALOG_COMPILER_APPICON_NAME = AppIcon;
				ASSETCATALOG_COMPILER_LAUNCHIMAGE_NAME = LaunchImage;
				GCC_PRECOMPILE_PREFIX_HEADER = YES;
				GCC_PREFIX_HEADER = "KitchenHelper/KitchenHelper-Prefix.pch";
				INFOPLIST_FILE = "KitchenHelper/KitchenHelper-Info.plist";
				PRODUCT_NAME = "$(TARGET_NAME)";
				WRAPPER_EXTENSION = app;
			};
			name = Release;
		};
		734513A419B533A6008985B7 /* Debug */ = {
			isa = XCBuildConfiguration;
			buildSettings = {
				BUNDLE_LOADER = "$(BUILT_PRODUCTS_DIR)/KitchenHelper.app/KitchenHelper";
				FRAMEWORK_SEARCH_PATHS = (
					"$(SDKROOT)/Developer/Library/Frameworks",
					"$(inherited)",
					"$(DEVELOPER_FRAMEWORKS_DIR)",
				);
				GCC_PRECOMPILE_PREFIX_HEADER = YES;
				GCC_PREFIX_HEADER = "KitchenHelper/KitchenHelper-Prefix.pch";
				GCC_PREPROCESSOR_DEFINITIONS = (
					"DEBUG=1",
					"$(inherited)",
				);
				INFOPLIST_FILE = "KitchenHelperTests/KitchenHelperTests-Info.plist";
				PRODUCT_NAME = "$(TARGET_NAME)";
				TEST_HOST = "$(BUNDLE_LOADER)";
				WRAPPER_EXTENSION = xctest;
			};
			name = Debug;
		};
		734513A519B533A6008985B7 /* Release */ = {
			isa = XCBuildConfiguration;
			buildSettings = {
				BUNDLE_LOADER = "$(BUILT_PRODUCTS_DIR)/KitchenHelper.app/KitchenHelper";
				FRAMEWORK_SEARCH_PATHS = (
					"$(SDKROOT)/Developer/Library/Frameworks",
					"$(inherited)",
					"$(DEVELOPER_FRAMEWORKS_DIR)",
				);
				GCC_PRECOMPILE_PREFIX_HEADER = YES;
				GCC_PREFIX_HEADER = "KitchenHelper/KitchenHelper-Prefix.pch";
				INFOPLIST_FILE = "KitchenHelperTests/KitchenHelperTests-Info.plist";
				PRODUCT_NAME = "$(TARGET_NAME)";
				TEST_HOST = "$(BUNDLE_LOADER)";
				WRAPPER_EXTENSION = xctest;
			};
			name = Release;
		};
/* End XCBuildConfiguration section */

/* Begin XCConfigurationList section */
		7345136619B533A6008985B7 /* Build configuration list for PBXProject "KitchenHelper" */ = {
			isa = XCConfigurationList;
			buildConfigurations = (
				7345139E19B533A6008985B7 /* Debug */,
				7345139F19B533A6008985B7 /* Release */,
			);
			defaultConfigurationIsVisible = 0;
			defaultConfigurationName = Release;
		};
		734513A019B533A6008985B7 /* Build configuration list for PBXNativeTarget "KitchenHelper" */ = {
			isa = XCConfigurationList;
			buildConfigurations = (
				734513A119B533A6008985B7 /* Debug */,
				734513A219B533A6008985B7 /* Release */,
			);
			defaultConfigurationIsVisible = 0;
			defaultConfigurationName = Release;
		};
		734513A319B533A6008985B7 /* Build configuration list for PBXNativeTarget "KitchenHelperTests" */ = {
			isa = XCConfigurationList;
			buildConfigurations = (
				734513A419B533A6008985B7 /* Debug */,
				734513A519B533A6008985B7 /* Release */,
			);
			defaultConfigurationIsVisible = 0;
			defaultConfigurationName = Release;
		};
/* End XCConfigurationList section */
	};
	rootObject = 7345136319B533A6008985B7 /* Project object */;
}
